{
  "name": "amandaadev.github.io",
  "lockfileVersion": 3,
  "requires": true,
  "packages": {
    "": {
      "dependencies": {
        "embla-carousel": "^8.1.5",
        "embla-carousel-autoplay": "^8.1.5"
      }
    },
    "node_modules/embla-carousel": {
      "version": "8.1.5",
      "resolved": "https://registry.npmjs.org/embla-carousel/-/embla-carousel-8.1.5.tgz",
      "integrity": "sha512-R6xTf7cNdR2UTNM6/yUPZlJFRmZSogMiRjJ5vXHO65II5MoUlrVYUAP0fHQei/py82Vf15lj+WI+QdhnzBxA2g=="
    },
    "node_modules/embla-carousel-autoplay": {
      "version": "8.1.5",
      "resolved": "https://registry.npmjs.org/embla-carousel-autoplay/-/embla-carousel-autoplay-8.1.5.tgz",
      "integrity": "sha512-9pHIezRqiO9yism7wRFwmM1j/W9c9hBNX4hq3F4aTPbK84M0M57ryG8QUwhbsTGJbDoBBVTm//YEd0T6i/5YgA==",
      "peerDependencies": {
        "embla-carousel": "8.1.5"
      }
    }
  }
}
